
Microsoft Visual Studio Solution File, Format Version 12.00
# Visual Studio Version 17
VisualStudioVersion = 17.10.35122.118
MinimumVisualStudioVersion = 10.0.40219.1
Project("{2150E333-8FDC-42A3-9474-1A3956D46DE8}") = "src", "src", "{BE717527-08EE-4D17-AE7F-9EAFD44EACF5}"
EndProject
Project("{2150E333-8FDC-42A3-9474-1A3956D46DE8}") = "test", "test", "{E9176C8E-14C4-4EFE-9C57-7CBCB0B5D583}"
EndProject
Project("{2150E333-8FDC-42A3-9474-1A3956D46DE8}") = "APIs", "APIs", "{311BDA5E-C027-4BFC-BD7B-4442E437E971}"
EndProject
Project("{2150E333-8FDC-42A3-9474-1A3956D46DE8}") = "Core", "Core", "{7694A857-7DA2-4495-8DF8-1A304E5EC298}"
EndProject
Project("{2150E333-8FDC-42A3-9474-1A3956D46DE8}") = "Infrastructure", "Infrastructure", "{42F58A7C-3647-49B0-9360-9B3B75C63639}"
EndProject
Project("{2150E333-8FDC-42A3-9474-1A3956D46DE8}") = "UI", "UI", "{C3AB7B1F-23EB-42CE-B5DE-1F1D9C5CA727}"
EndProject
Project("{2150E333-8FDC-42A3-9474-1A3956D46DE8}") = "Dashboard", "Dashboard", "{953D7AB1-779A-45C3-8DAA-08D7789BC365}"
EndProject
Project("{9A19103F-16F7-4668-BE54-9A1E7A4F7556}") = "LinkDev.Talabat.APIs", "LinkDev.Talabat.APIs\LinkDev.Talabat.APIs.csproj", "{A45BE13E-5761-41E2-AE01-5635CB299ABC}"
EndProject
Project("{9A19103F-16F7-4668-BE54-9A1E7A4F7556}") = "LinkDev.Talabat.Core.Domain", "LinkDev.Talabat.Core.Domain\LinkDev.Talabat.Core.Domain.csproj", "{8ED0BF06-4DC5-4723-B6B9-842BAF2959F7}"
EndProject
Project("{9A19103F-16F7-4668-BE54-9A1E7A4F7556}") = "LinkDev.Talabat.Core.Application", "LinkDev.Talabat.Core.Application\LinkDev.Talabat.Core.Application.csproj", "{A06CF45B-63D4-4001-8E6E-6397B0EB68C1}"
EndProject
Project("{9A19103F-16F7-4668-BE54-9A1E7A4F7556}") = "LinkDev.Talabat.Core.Application.Abstraction", "LinkDev.Talabat.Core.Application.Abstraction\LinkDev.Talabat.Core.Application.Abstraction.csproj", "{F8615978-0AAE-4F2D-83A6-B66353E7021D}"
EndProject
Project("{9A19103F-16F7-4668-BE54-9A1E7A4F7556}") = "LinkDev.Talabat.Infrastructure", "LinkDev.Talabat.Infrastructure\LinkDev.Talabat.Infrastructure.csproj", "{5DAE1245-C85D-4C3B-9E5C-F310ECC92315}"
EndProject
Project("{9A19103F-16F7-4668-BE54-9A1E7A4F7556}") = "LinkDev.Talabat.Infrastructure.Persistence", "LinkDev.Talabat.Infrastructure.Persistence\LinkDev.Talabat.Infrastructure.Persistence.csproj", "{588642AF-8915-410F-9292-FB8A0B5E04E9}"
EndProject
Project("{9A19103F-16F7-4668-BE54-9A1E7A4F7556}") = "LinkDev.Talabat.Dashboard", "LinkDev.Talabat.Dashboard\LinkDev.Talabat.Dashboard.csproj", "{B94F5BEB-2712-461B-AA28-827219024431}"
EndProject
Project("{FAE04EC0-301F-11D3-BF4B-00C04F79EFBC}") = "LinkDev.Talabat.APIs.Controllers", "LinkDev.Talabat.APIs.Controllers\LinkDev.Talabat.APIs.Controllers.csproj", "{43FBE113-B22E-4816-9FB4-3110756617EB}"
EndProject
Project("{2150E333-8FDC-42A3-9474-1A3956D46DE8}") = "Shared", "Shared", "{440AF8E7-52C5-4B99-8C89-124B39D4D45B}"
EndProject
Project("{FAE04EC0-301F-11D3-BF4B-00C04F79EFBC}") = "LinkDev.Talabat.Shared", "LinkDev.Talabat.Shared\LinkDev.Talabat.Shared.csproj", "{B534FAA6-01DD-43C7-9FF7-80DB5595DFB5}"
EndProject
Global
	GlobalSection(SolutionConfigurationPlatforms) = preSolution
		Debug|Any CPU = Debug|Any CPU
		Release|Any CPU = Release|Any CPU
	EndGlobalSection
	GlobalSection(ProjectConfigurationPlatforms) = postSolution
		{A45BE13E-5761-41E2-AE01-5635CB299ABC}.Debug|Any CPU.ActiveCfg = Debug|Any CPU
		{A45BE13E-5761-41E2-AE01-5635CB299ABC}.Debug|Any CPU.Build.0 = Debug|Any CPU
		{A45BE13E-5761-41E2-AE01-5635CB299ABC}.Release|Any CPU.ActiveCfg = Release|Any CPU
		{A45BE13E-5761-41E2-AE01-5635CB299ABC}.Release|Any CPU.Build.0 = Release|Any CPU
		{8ED0BF06-4DC5-4723-B6B9-842BAF2959F7}.Debug|Any CPU.ActiveCfg = Debug|Any CPU
		{8ED0BF06-4DC5-4723-B6B9-842BAF2959F7}.Debug|Any CPU.Build.0 = Debug|Any CPU
		{8ED0BF06-4DC5-4723-B6B9-842BAF2959F7}.Release|Any CPU.ActiveCfg = Release|Any CPU
		{8ED0BF06-4DC5-4723-B6B9-842BAF2959F7}.Release|Any CPU.Build.0 = Release|Any CPU
		{A06CF45B-63D4-4001-8E6E-6397B0EB68C1}.Debug|Any CPU.ActiveCfg = Debug|Any CPU
		{A06CF45B-63D4-4001-8E6E-6397B0EB68C1}.Debug|Any CPU.Build.0 = Debug|Any CPU
		{A06CF45B-63D4-4001-8E6E-6397B0EB68C1}.Release|Any CPU.ActiveCfg = Release|Any CPU
		{A06CF45B-63D4-4001-8E6E-6397B0EB68C1}.Release|Any CPU.Build.0 = Release|Any CPU
		{F8615978-0AAE-4F2D-83A6-B66353E7021D}.Debug|Any CPU.ActiveCfg = Debug|Any CPU
		{F8615978-0AAE-4F2D-83A6-B66353E7021D}.Debug|Any CPU.Build.0 = Debug|Any CPU
		{F8615978-0AAE-4F2D-83A6-B66353E7021D}.Release|Any CPU.ActiveCfg = Release|Any CPU
		{F8615978-0AAE-4F2D-83A6-B66353E7021D}.Release|Any CPU.Build.0 = Release|Any CPU
		{5DAE1245-C85D-4C3B-9E5C-F310ECC92315}.Debug|Any CPU.ActiveCfg = Debug|Any CPU
		{5DAE1245-C85D-4C3B-9E5C-F310ECC92315}.Debug|Any CPU.Build.0 = Debug|Any CPU
		{5DAE1245-C85D-4C3B-9E5C-F310ECC92315}.Release|Any CPU.ActiveCfg = Release|Any CPU
		{5DAE1245-C85D-4C3B-9E5C-F310ECC92315}.Release|Any CPU.Build.0 = Release|Any CPU
		{588642AF-8915-410F-9292-FB8A0B5E04E9}.Debug|Any CPU.ActiveCfg = Debug|Any CPU
		{588642AF-8915-410F-9292-FB8A0B5E04E9}.Debug|Any CPU.Build.0 = Debug|Any CPU
		{588642AF-8915-410F-9292-FB8A0B5E04E9}.Release|Any CPU.ActiveCfg = Release|Any CPU
		{588642AF-8915-410F-9292-FB8A0B5E04E9}.Release|Any CPU.Build.0 = Release|Any CPU
		{B94F5BEB-2712-461B-AA28-827219024431}.Debug|Any CPU.ActiveCfg = Debug|Any CPU
		{B94F5BEB-2712-461B-AA28-827219024431}.Debug|Any CPU.Build.0 = Debug|Any CPU
		{B94F5BEB-2712-461B-AA28-827219024431}.Release|Any CPU.ActiveCfg = Release|Any CPU
		{B94F5BEB-2712-461B-AA28-827219024431}.Release|Any CPU.Build.0 = Release|Any CPU
		{43FBE113-B22E-4816-9FB4-3110756617EB}.Debug|Any CPU.ActiveCfg = Debug|Any CPU
		{43FBE113-B22E-4816-9FB4-3110756617EB}.Debug|Any CPU.Build.0 = Debug|Any CPU
		{43FBE113-B22E-4816-9FB4-3110756617EB}.Release|Any CPU.ActiveCfg = Release|Any CPU
		{43FBE113-B22E-4816-9FB4-3110756617EB}.Release|Any CPU.Build.0 = Release|Any CPU
		{B534FAA6-01DD-43C7-9FF7-80DB5595DFB5}.Debug|Any CPU.ActiveCfg = Debug|Any CPU
		{B534FAA6-01DD-43C7-9FF7-80DB5595DFB5}.Debug|Any CPU.Build.0 = Debug|Any CPU
		{B534FAA6-01DD-43C7-9FF7-80DB5595DFB5}.Release|Any CPU.ActiveCfg = Release|Any CPU
		{B534FAA6-01DD-43C7-9FF7-80DB5595DFB5}.Release|Any CPU.Build.0 = Release|Any CPU
	EndGlobalSection
	GlobalSection(SolutionProperties) = preSolution
		HideSolutionNode = FALSE
	EndGlobalSection
	GlobalSection(NestedProjects) = preSolution
		{311BDA5E-C027-4BFC-BD7B-4442E437E971} = {BE717527-08EE-4D17-AE7F-9EAFD44EACF5}
		{7694A857-7DA2-4495-8DF8-1A304E5EC298} = {BE717527-08EE-4D17-AE7F-9EAFD44EACF5}
		{42F58A7C-3647-49B0-9360-9B3B75C63639} = {BE717527-08EE-4D17-AE7F-9EAFD44EACF5}
		{C3AB7B1F-23EB-42CE-B5DE-1F1D9C5CA727} = {BE717527-08EE-4D17-AE7F-9EAFD44EACF5}
		{953D7AB1-779A-45C3-8DAA-08D7789BC365} = {C3AB7B1F-23EB-42CE-B5DE-1F1D9C5CA727}
		{A45BE13E-5761-41E2-AE01-5635CB299ABC} = {311BDA5E-C027-4BFC-BD7B-4442E437E971}
		{8ED0BF06-4DC5-4723-B6B9-842BAF2959F7} = {7694A857-7DA2-4495-8DF8-1A304E5EC298}
		{A06CF45B-63D4-4001-8E6E-6397B0EB68C1} = {7694A857-7DA2-4495-8DF8-1A304E5EC298}
		{F8615978-0AAE-4F2D-83A6-B66353E7021D} = {7694A857-7DA2-4495-8DF8-1A304E5EC298}
		{5DAE1245-C85D-4C3B-9E5C-F310ECC92315} = {42F58A7C-3647-49B0-9360-9B3B75C63639}
		{588642AF-8915-410F-9292-FB8A0B5E04E9} = {42F58A7C-3647-49B0-9360-9B3B75C63639}
		{B94F5BEB-2712-461B-AA28-827219024431} = {953D7AB1-779A-45C3-8DAA-08D7789BC365}
		{43FBE113-B22E-4816-9FB4-3110756617EB} = {311BDA5E-C027-4BFC-BD7B-4442E437E971}
		{440AF8E7-52C5-4B99-8C89-124B39D4D45B} = {BE717527-08EE-4D17-AE7F-9EAFD44EACF5}
		{B534FAA6-01DD-43C7-9FF7-80DB5595DFB5} = {440AF8E7-52C5-4B99-8C89-124B39D4D45B}
	EndGlobalSection
	GlobalSection(ExtensibilityGlobals) = postSolution
		SolutionGuid = {8640F13A-FC0C-4D04-BDD5-6A89BB4478C5}
	EndGlobalSection
EndGlobal
